
Microsoft Visual Studio Solution File, Format Version 12.00
# Visual Studio 15
VisualStudioVersion = 15.0.26124.0
MinimumVisualStudioVersion = 15.0.26124.0
Project("{2150E333-8FDC-42A3-9474-1A3956D46DE8}") = "two-sum", "two-sum", "{50C3BED8-1CA6-4196-AF4C-D17DFB6FFE7C}"
EndProject
Project("{FAE04EC0-301F-11D3-BF4B-00C04F79EFBC}") = "TwoSum", "two-sum\src\TwoSum.csproj", "{BCF683C9-A9C4-490C-8232-B46A86A241C7}"
EndProject
Project("{FAE04EC0-301F-11D3-BF4B-00C04F79EFBC}") = "TwoSum.Tests", "two-sum\tests\TwoSum.Tests.csproj", "{3CDC1F45-732D-4CC3-871C-4D41F6D4CABF}"
EndProject
Project("{2150E333-8FDC-42A3-9474-1A3956D46DE8}") = "add-two-numbers", "add-two-numbers", "{4CF167C0-BA7F-49C9-B687-CEF0FAB10BF2}"
EndProject
Project("{FAE04EC0-301F-11D3-BF4B-00C04F79EFBC}") = "AddTwoNumbers", "add-two-numbers\src\AddTwoNumbers.csproj", "{FCE5D83D-4441-4EBF-99B6-5C0D79EEF33B}"
EndProject
Project("{FAE04EC0-301F-11D3-BF4B-00C04F79EFBC}") = "AddTwoNumbers.Tests", "add-two-numbers\tests\AddTwoNumbers.Tests.csproj", "{4BC8D194-5663-431D-B590-AA21437EC7DE}"
EndProject
Project("{2150E333-8FDC-42A3-9474-1A3956D46DE8}") = "merge-two-sorted-lists", "merge-two-sorted-lists", "{9E544117-A1E3-4D98-99A9-7F2C9B0A96D8}"
EndProject
Project("{FAE04EC0-301F-11D3-BF4B-00C04F79EFBC}") = "MergeTwoSortedLists", "merge-two-sorted-lists\src\MergeTwoSortedLists.csproj", "{B7836DCD-EBE4-4989-8082-024DF476A1C8}"
EndProject
Project("{FAE04EC0-301F-11D3-BF4B-00C04F79EFBC}") = "MergeTwoSortedLists.Tests", "merge-two-sorted-lists\tests\MergeTwoSortedLists.Tests.csproj", "{5BC5E5B6-314E-4ED6-8128-8F2D6F485198}"
EndProject
Global
	GlobalSection(SolutionProperties) = preSolution
		HideSolutionNode = FALSE
	EndGlobalSection
	GlobalSection(SolutionConfigurationPlatforms) = preSolution
		Debug|Any CPU = Debug|Any CPU
		Debug|x64 = Debug|x64
		Debug|x86 = Debug|x86
		Release|Any CPU = Release|Any CPU
		Release|x64 = Release|x64
		Release|x86 = Release|x86
	EndGlobalSection
	GlobalSection(ProjectConfigurationPlatforms) = postSolution
		{BCF683C9-A9C4-490C-8232-B46A86A241C7}.Debug|Any CPU.ActiveCfg = Debug|Any CPU
		{BCF683C9-A9C4-490C-8232-B46A86A241C7}.Debug|Any CPU.Build.0 = Debug|Any CPU
		{BCF683C9-A9C4-490C-8232-B46A86A241C7}.Debug|x64.ActiveCfg = Debug|Any CPU
		{BCF683C9-A9C4-490C-8232-B46A86A241C7}.Debug|x64.Build.0 = Debug|Any CPU
		{BCF683C9-A9C4-490C-8232-B46A86A241C7}.Debug|x86.ActiveCfg = Debug|Any CPU
		{BCF683C9-A9C4-490C-8232-B46A86A241C7}.Debug|x86.Build.0 = Debug|Any CPU
		{BCF683C9-A9C4-490C-8232-B46A86A241C7}.Release|Any CPU.ActiveCfg = Release|Any CPU
		{BCF683C9-A9C4-490C-8232-B46A86A241C7}.Release|Any CPU.Build.0 = Release|Any CPU
		{BCF683C9-A9C4-490C-8232-B46A86A241C7}.Release|x64.ActiveCfg = Release|Any CPU
		{BCF683C9-A9C4-490C-8232-B46A86A241C7}.Release|x64.Build.0 = Release|Any CPU
		{BCF683C9-A9C4-490C-8232-B46A86A241C7}.Release|x86.ActiveCfg = Release|Any CPU
		{BCF683C9-A9C4-490C-8232-B46A86A241C7}.Release|x86.Build.0 = Release|Any CPU
		{3CDC1F45-732D-4CC3-871C-4D41F6D4CABF}.Debug|Any CPU.ActiveCfg = Debug|Any CPU
		{3CDC1F45-732D-4CC3-871C-4D41F6D4CABF}.Debug|Any CPU.Build.0 = Debug|Any CPU
		{3CDC1F45-732D-4CC3-871C-4D41F6D4CABF}.Debug|x64.ActiveCfg = Debug|Any CPU
		{3CDC1F45-732D-4CC3-871C-4D41F6D4CABF}.Debug|x64.Build.0 = Debug|Any CPU
		{3CDC1F45-732D-4CC3-871C-4D41F6D4CABF}.Debug|x86.ActiveCfg = Debug|Any CPU
		{3CDC1F45-732D-4CC3-871C-4D41F6D4CABF}.Debug|x86.Build.0 = Debug|Any CPU
		{3CDC1F45-732D-4CC3-871C-4D41F6D4CABF}.Release|Any CPU.ActiveCfg = Release|Any CPU
		{3CDC1F45-732D-4CC3-871C-4D41F6D4CABF}.Release|Any CPU.Build.0 = Release|Any CPU
		{3CDC1F45-732D-4CC3-871C-4D41F6D4CABF}.Release|x64.ActiveCfg = Release|Any CPU
		{3CDC1F45-732D-4CC3-871C-4D41F6D4CABF}.Release|x64.Build.0 = Release|Any CPU
		{3CDC1F45-732D-4CC3-871C-4D41F6D4CABF}.Release|x86.ActiveCfg = Release|Any CPU
		{3CDC1F45-732D-4CC3-871C-4D41F6D4CABF}.Release|x86.Build.0 = Release|Any CPU
		{FCE5D83D-4441-4EBF-99B6-5C0D79EEF33B}.Debug|Any CPU.ActiveCfg = Debug|Any CPU
		{FCE5D83D-4441-4EBF-99B6-5C0D79EEF33B}.Debug|Any CPU.Build.0 = Debug|Any CPU
		{FCE5D83D-4441-4EBF-99B6-5C0D79EEF33B}.Debug|x64.ActiveCfg = Debug|Any CPU
		{FCE5D83D-4441-4EBF-99B6-5C0D79EEF33B}.Debug|x64.Build.0 = Debug|Any CPU
		{FCE5D83D-4441-4EBF-99B6-5C0D79EEF33B}.Debug|x86.ActiveCfg = Debug|Any CPU
		{FCE5D83D-4441-4EBF-99B6-5C0D79EEF33B}.Debug|x86.Build.0 = Debug|Any CPU
		{FCE5D83D-4441-4EBF-99B6-5C0D79EEF33B}.Release|Any CPU.ActiveCfg = Release|Any CPU
		{FCE5D83D-4441-4EBF-99B6-5C0D79EEF33B}.Release|Any CPU.Build.0 = Release|Any CPU
		{FCE5D83D-4441-4EBF-99B6-5C0D79EEF33B}.Release|x64.ActiveCfg = Release|Any CPU
		{FCE5D83D-4441-4EBF-99B6-5C0D79EEF33B}.Release|x64.Build.0 = Release|Any CPU
		{FCE5D83D-4441-4EBF-99B6-5C0D79EEF33B}.Release|x86.ActiveCfg = Release|Any CPU
		{FCE5D83D-4441-4EBF-99B6-5C0D79EEF33B}.Release|x86.Build.0 = Release|Any CPU
		{4BC8D194-5663-431D-B590-AA21437EC7DE}.Debug|Any CPU.ActiveCfg = Debug|Any CPU
		{4BC8D194-5663-431D-B590-AA21437EC7DE}.Debug|Any CPU.Build.0 = Debug|Any CPU
		{4BC8D194-5663-431D-B590-AA21437EC7DE}.Debug|x64.ActiveCfg = Debug|Any CPU
		{4BC8D194-5663-431D-B590-AA21437EC7DE}.Debug|x64.Build.0 = Debug|Any CPU
		{4BC8D194-5663-431D-B590-AA21437EC7DE}.Debug|x86.ActiveCfg = Debug|Any CPU
		{4BC8D194-5663-431D-B590-AA21437EC7DE}.Debug|x86.Build.0 = Debug|Any CPU
		{4BC8D194-5663-431D-B590-AA21437EC7DE}.Release|Any CPU.ActiveCfg = Release|Any CPU
		{4BC8D194-5663-431D-B590-AA21437EC7DE}.Release|Any CPU.Build.0 = Release|Any CPU
		{4BC8D194-5663-431D-B590-AA21437EC7DE}.Release|x64.ActiveCfg = Release|Any CPU
		{4BC8D194-5663-431D-B590-AA21437EC7DE}.Release|x64.Build.0 = Release|Any CPU
		{4BC8D194-5663-431D-B590-AA21437EC7DE}.Release|x86.ActiveCfg = Release|Any CPU
		{4BC8D194-5663-431D-B590-AA21437EC7DE}.Release|x86.Build.0 = Release|Any CPU
		{B7836DCD-EBE4-4989-8082-024DF476A1C8}.Debug|Any CPU.ActiveCfg = Debug|Any CPU
		{B7836DCD-EBE4-4989-8082-024DF476A1C8}.Debug|Any CPU.Build.0 = Debug|Any CPU
		{B7836DCD-EBE4-4989-8082-024DF476A1C8}.Debug|x64.ActiveCfg = Debug|Any CPU
		{B7836DCD-EBE4-4989-8082-024DF476A1C8}.Debug|x64.Build.0 = Debug|Any CPU
		{B7836DCD-EBE4-4989-8082-024DF476A1C8}.Debug|x86.ActiveCfg = Debug|Any CPU
		{B7836DCD-EBE4-4989-8082-024DF476A1C8}.Debug|x86.Build.0 = Debug|Any CPU
		{B7836DCD-EBE4-4989-8082-024DF476A1C8}.Release|Any CPU.ActiveCfg = Release|Any CPU
		{B7836DCD-EBE4-4989-8082-024DF476A1C8}.Release|Any CPU.Build.0 = Release|Any CPU
		{B7836DCD-EBE4-4989-8082-024DF476A1C8}.Release|x64.ActiveCfg = Release|Any CPU
		{B7836DCD-EBE4-4989-8082-024DF476A1C8}.Release|x64.Build.0 = Release|Any CPU
		{B7836DCD-EBE4-4989-8082-024DF476A1C8}.Release|x86.ActiveCfg = Release|Any CPU
		{B7836DCD-EBE4-4989-8082-024DF476A1C8}.Release|x86.Build.0 = Release|Any CPU
		{5BC5E5B6-314E-4ED6-8128-8F2D6F485198}.Debug|Any CPU.ActiveCfg = Debug|Any CPU
		{5BC5E5B6-314E-4ED6-8128-8F2D6F485198}.Debug|Any CPU.Build.0 = Debug|Any CPU
		{5BC5E5B6-314E-4ED6-8128-8F2D6F485198}.Debug|x64.ActiveCfg = Debug|Any CPU
		{5BC5E5B6-314E-4ED6-8128-8F2D6F485198}.Debug|x64.Build.0 = Debug|Any CPU
		{5BC5E5B6-314E-4ED6-8128-8F2D6F485198}.Debug|x86.ActiveCfg = Debug|Any CPU
		{5BC5E5B6-314E-4ED6-8128-8F2D6F485198}.Debug|x86.Build.0 = Debug|Any CPU
		{5BC5E5B6-314E-4ED6-8128-8F2D6F485198}.Release|Any CPU.ActiveCfg = Release|Any CPU
		{5BC5E5B6-314E-4ED6-8128-8F2D6F485198}.Release|Any CPU.Build.0 = Release|Any CPU
		{5BC5E5B6-314E-4ED6-8128-8F2D6F485198}.Release|x64.ActiveCfg = Release|Any CPU
		{5BC5E5B6-314E-4ED6-8128-8F2D6F485198}.Release|x64.Build.0 = Release|Any CPU
		{5BC5E5B6-314E-4ED6-8128-8F2D6F485198}.Release|x86.ActiveCfg = Release|Any CPU
		{5BC5E5B6-314E-4ED6-8128-8F2D6F485198}.Release|x86.Build.0 = Release|Any CPU
	EndGlobalSection
	GlobalSection(NestedProjects) = preSolution
		{BCF683C9-A9C4-490C-8232-B46A86A241C7} = {50C3BED8-1CA6-4196-AF4C-D17DFB6FFE7C}
		{3CDC1F45-732D-4CC3-871C-4D41F6D4CABF} = {50C3BED8-1CA6-4196-AF4C-D17DFB6FFE7C}
		{FCE5D83D-4441-4EBF-99B6-5C0D79EEF33B} = {4CF167C0-BA7F-49C9-B687-CEF0FAB10BF2}
		{4BC8D194-5663-431D-B590-AA21437EC7DE} = {4CF167C0-BA7F-49C9-B687-CEF0FAB10BF2}
		{B7836DCD-EBE4-4989-8082-024DF476A1C8} = {9E544117-A1E3-4D98-99A9-7F2C9B0A96D8}
		{5BC5E5B6-314E-4ED6-8128-8F2D6F485198} = {9E544117-A1E3-4D98-99A9-7F2C9B0A96D8}
	EndGlobalSection
EndGlobal
